
Microsoft Visual Studio Solution File, Format Version 12.00
# Visual Studio Version 16
VisualStudioVersion = 16.0.31321.278
MinimumVisualStudioVersion = 10.0.40219.1
Project("{9A19103F-16F7-4668-BE54-9A1E7A4F7556}") = "StrongHeart.DemoApp.WebApi", "StrongHeart.DemoApp.WebApi\StrongHeart.DemoApp.WebApi.csproj", "{2526D800-5632-4F11-A5E2-D1201DED2D1F}"
EndProject
Project("{9A19103F-16F7-4668-BE54-9A1E7A4F7556}") = "StrongHeart.DemoApp.Business", "StrongHeart.DemoApp.Business\StrongHeart.DemoApp.Business.csproj", "{FDD65A68-A5A0-444E-9DB9-5ABA66F0F6E9}"
EndProject
Project("{9A19103F-16F7-4668-BE54-9A1E7A4F7556}") = "StrongHeart.DemoApp.Business.Tests", "StrongHeart.DemoApp.Business.Tests\StrongHeart.DemoApp.Business.Tests.csproj", "{EA6A99EC-CC55-4861-B9D2-A51C7F1317CC}"
EndProject
Project("{9A19103F-16F7-4668-BE54-9A1E7A4F7556}") = "StrongHeart.DemoApp.WebApi.Tests", "StrongHeart.DemoApp.WebApi.Tests\StrongHeart.DemoApp.WebApi.Tests.csproj", "{F05284DE-0012-4A62-A803-6E098B460ACC}"
EndProject
Project("{2150E333-8FDC-42A3-9474-1A3956D46DE8}") = "References", "References", "{95451C16-D476-4D91-AA4F-960416D8830B}"
EndProject
Project("{9A19103F-16F7-4668-BE54-9A1E7A4F7556}") = "StrongHeart.Features", "..\Src\StrongHeart.Features\StrongHeart.Features.csproj", "{A83697F4-33F1-4E89-B53C-740EC344B075}"
EndProject
Project("{9A19103F-16F7-4668-BE54-9A1E7A4F7556}") = "StrongHeart.Features.AspNetCore", "..\Src\StrongHeart.Features.AspNetCore\StrongHeart.Features.AspNetCore.csproj", "{E334BD99-83D7-4B61-AB49-89E02D8401CF}"
EndProject
Project("{9A19103F-16F7-4668-BE54-9A1E7A4F7556}") = "StrongHeart.Core", "..\Src\StrongHeart.Core\StrongHeart.Core.csproj", "{4956D9A6-64E5-4B83-9A4E-D19ED243E604}"
EndProject
Project("{9A19103F-16F7-4668-BE54-9A1E7A4F7556}") = "StrongHeart.TestTools.ComponentAnalysis", "..\Src\StrongHeart.TestTools.ComponentAnalysis\StrongHeart.TestTools.ComponentAnalysis.csproj", "{F3907E1C-B192-4FA0-BE25-F1C309EB1568}"
EndProject
Global
	GlobalSection(SolutionConfigurationPlatforms) = preSolution
		Debug|Any CPU = Debug|Any CPU
		Release|Any CPU = Release|Any CPU
	EndGlobalSection
	GlobalSection(ProjectConfigurationPlatforms) = postSolution
		{2526D800-5632-4F11-A5E2-D1201DED2D1F}.Debug|Any CPU.ActiveCfg = Debug|Any CPU
		{2526D800-5632-4F11-A5E2-D1201DED2D1F}.Debug|Any CPU.Build.0 = Debug|Any CPU
		{2526D800-5632-4F11-A5E2-D1201DED2D1F}.Release|Any CPU.ActiveCfg = Release|Any CPU
		{2526D800-5632-4F11-A5E2-D1201DED2D1F}.Release|Any CPU.Build.0 = Release|Any CPU
		{FDD65A68-A5A0-444E-9DB9-5ABA66F0F6E9}.Debug|Any CPU.ActiveCfg = Debug|Any CPU
		{FDD65A68-A5A0-444E-9DB9-5ABA66F0F6E9}.Debug|Any CPU.Build.0 = Debug|Any CPU
		{FDD65A68-A5A0-444E-9DB9-5ABA66F0F6E9}.Release|Any CPU.ActiveCfg = Release|Any CPU
		{FDD65A68-A5A0-444E-9DB9-5ABA66F0F6E9}.Release|Any CPU.Build.0 = Release|Any CPU
		{EA6A99EC-CC55-4861-B9D2-A51C7F1317CC}.Debug|Any CPU.ActiveCfg = Debug|Any CPU
		{EA6A99EC-CC55-4861-B9D2-A51C7F1317CC}.Debug|Any CPU.Build.0 = Debug|Any CPU
		{EA6A99EC-CC55-4861-B9D2-A51C7F1317CC}.Release|Any CPU.ActiveCfg = Release|Any CPU
		{EA6A99EC-CC55-4861-B9D2-A51C7F1317CC}.Release|Any CPU.Build.0 = Release|Any CPU
		{F05284DE-0012-4A62-A803-6E098B460ACC}.Debug|Any CPU.ActiveCfg = Debug|Any CPU
		{F05284DE-0012-4A62-A803-6E098B460ACC}.Debug|Any CPU.Build.0 = Debug|Any CPU
		{F05284DE-0012-4A62-A803-6E098B460ACC}.Release|Any CPU.ActiveCfg = Release|Any CPU
		{F05284DE-0012-4A62-A803-6E098B460ACC}.Release|Any CPU.Build.0 = Release|Any CPU
		{A83697F4-33F1-4E89-B53C-740EC344B075}.Debug|Any CPU.ActiveCfg = Debug|Any CPU
		{A83697F4-33F1-4E89-B53C-740EC344B075}.Debug|Any CPU.Build.0 = Debug|Any CPU
		{A83697F4-33F1-4E89-B53C-740EC344B075}.Release|Any CPU.ActiveCfg = Release|Any CPU
		{A83697F4-33F1-4E89-B53C-740EC344B075}.Release|Any CPU.Build.0 = Release|Any CPU
		{E334BD99-83D7-4B61-AB49-89E02D8401CF}.Debug|Any CPU.ActiveCfg = Debug|Any CPU
		{E334BD99-83D7-4B61-AB49-89E02D8401CF}.Debug|Any CPU.Build.0 = Debug|Any CPU
		{E334BD99-83D7-4B61-AB49-89E02D8401CF}.Release|Any CPU.ActiveCfg = Release|Any CPU
		{E334BD99-83D7-4B61-AB49-89E02D8401CF}.Release|Any CPU.Build.0 = Release|Any CPU
		{4956D9A6-64E5-4B83-9A4E-D19ED243E604}.Debug|Any CPU.ActiveCfg = Debug|Any CPU
		{4956D9A6-64E5-4B83-9A4E-D19ED243E604}.Debug|Any CPU.Build.0 = Debug|Any CPU
		{4956D9A6-64E5-4B83-9A4E-D19ED243E604}.Release|Any CPU.ActiveCfg = Release|Any CPU
		{4956D9A6-64E5-4B83-9A4E-D19ED243E604}.Release|Any CPU.Build.0 = Release|Any CPU
		{F3907E1C-B192-4FA0-BE25-F1C309EB1568}.Debug|Any CPU.ActiveCfg = Debug|Any CPU
		{F3907E1C-B192-4FA0-BE25-F1C309EB1568}.Debug|Any CPU.Build.0 = Debug|Any CPU
		{F3907E1C-B192-4FA0-BE25-F1C309EB1568}.Release|Any CPU.ActiveCfg = Release|Any CPU
		{F3907E1C-B192-4FA0-BE25-F1C309EB1568}.Release|Any CPU.Build.0 = Release|Any CPU
	EndGlobalSection
	GlobalSection(SolutionProperties) = preSolution
		HideSolutionNode = FALSE
	EndGlobalSection
	GlobalSection(NestedProjects) = preSolution
		{A83697F4-33F1-4E89-B53C-740EC344B075} = {95451C16-D476-4D91-AA4F-960416D8830B}
		{E334BD99-83D7-4B61-AB49-89E02D8401CF} = {95451C16-D476-4D91-AA4F-960416D8830B}
		{4956D9A6-64E5-4B83-9A4E-D19ED243E604} = {95451C16-D476-4D91-AA4F-960416D8830B}
		{F3907E1C-B192-4FA0-BE25-F1C309EB1568} = {95451C16-D476-4D91-AA4F-960416D8830B}
	EndGlobalSection
	GlobalSection(ExtensibilityGlobals) = postSolution
		SolutionGuid = {A1BCA554-B13E-45EC-BF52-8B23373420FA}
	EndGlobalSection
EndGlobal
