
Microsoft Visual Studio Solution File, Format Version 12.00
# Visual Studio Version 16
VisualStudioVersion = 16.0.30114.105
MinimumVisualStudioVersion = 10.0.40219.1
Project("{2150E333-8FDC-42A3-9474-1A3956D46DE8}") = "Build", "Build", "{489DC3A2-C8DE-4819-A187-9168EC2B75BF}"
EndProject
Project("{9A19103F-16F7-4668-BE54-9A1E7A4F7556}") = "StrongHeart.Build", "Build\StrongHeart.Build\StrongHeart.Build.csproj", "{4721FF3A-93EF-4E84-9992-2A920AD6D0D4}"
EndProject
Project("{2150E333-8FDC-42A3-9474-1A3956D46DE8}") = "DemoApp", "DemoApp", "{B395AA1C-29C4-4769-901F-EE16AB97D6A0}"
EndProject
Project("{9A19103F-16F7-4668-BE54-9A1E7A4F7556}") = "StrongHeart.DemoApp.Business", "DemoApp\StrongHeart.DemoApp.Business\StrongHeart.DemoApp.Business.csproj", "{84B06174-F65F-49ED-A16B-3AF6D42322C6}"
EndProject
Project("{9A19103F-16F7-4668-BE54-9A1E7A4F7556}") = "StrongHeart.DemoApp.Business.SourceCodeGenerator", "DemoApp\StrongHeart.DemoApp.Business.SourceCodeGenerator\StrongHeart.DemoApp.Business.SourceCodeGenerator.csproj", "{1940E7DF-017A-4687-9BE8-133C8BD842E1}"
EndProject
Project("{9A19103F-16F7-4668-BE54-9A1E7A4F7556}") = "StrongHeart.DemoApp.Business.Tests", "DemoApp\StrongHeart.DemoApp.Business.Tests\StrongHeart.DemoApp.Business.Tests.csproj", "{EB6EBAFF-5AFC-4EB0-B0C1-400557C1558C}"
EndProject
Project("{9A19103F-16F7-4668-BE54-9A1E7A4F7556}") = "StrongHeart.DemoApp.WebApi", "DemoApp\StrongHeart.DemoApp.WebApi\StrongHeart.DemoApp.WebApi.csproj", "{D04A0C08-79C4-4545-A45C-C3F819E94264}"
EndProject
Project("{9A19103F-16F7-4668-BE54-9A1E7A4F7556}") = "StrongHeart.DemoApp.WebApi.Tests", "DemoApp\StrongHeart.DemoApp.WebApi.Tests\StrongHeart.DemoApp.WebApi.Tests.csproj", "{7BEA817E-2983-45BA-B788-1D8A930BFDEC}"
EndProject
Project("{2150E333-8FDC-42A3-9474-1A3956D46DE8}") = "Src", "Src", "{4B36214E-417D-486F-A70E-C410A8F50059}"
EndProject
Project("{9A19103F-16F7-4668-BE54-9A1E7A4F7556}") = "StrongHeart.Core", "Src\StrongHeart.Core\StrongHeart.Core.csproj", "{9C3487AD-497D-409E-B120-D58B8C3ECFDF}"
EndProject
Project("{9A19103F-16F7-4668-BE54-9A1E7A4F7556}") = "StrongHeart.Core.Test", "Src\StrongHeart.Core.Test\StrongHeart.Core.Test.csproj", "{37794617-CC10-498E-B6A2-D7394CEB08C2}"
EndProject
Project("{9A19103F-16F7-4668-BE54-9A1E7A4F7556}") = "StrongHeart.EfCore", "Src\StrongHeart.EfCore\StrongHeart.EfCore.csproj", "{674DF23D-0E45-4DD2-A47E-9CEF76C742B5}"
EndProject
Project("{9A19103F-16F7-4668-BE54-9A1E7A4F7556}") = "StrongHeart.Features", "Src\StrongHeart.Features\StrongHeart.Features.csproj", "{179F0D71-E2CB-48A5-9A25-9FB93270086C}"
EndProject
Project("{9A19103F-16F7-4668-BE54-9A1E7A4F7556}") = "StrongHeart.Features.AspNetCore", "Src\StrongHeart.Features.AspNetCore\StrongHeart.Features.AspNetCore.csproj", "{383F9F7B-5B32-4B13-8859-5DCB70B1AA4C}"
EndProject
Project("{9A19103F-16F7-4668-BE54-9A1E7A4F7556}") = "StrongHeart.Features.Test", "Src\StrongHeart.Features.Test\StrongHeart.Features.Test.csproj", "{25DE7D76-62F3-4BE0-AF03-FBADF7F05AAD}"
EndProject
Project("{9A19103F-16F7-4668-BE54-9A1E7A4F7556}") = "StrongHeart.Migrations", "Src\StrongHeart.Migrations\StrongHeart.Migrations.csproj", "{3BB13FA7-440B-49EC-87C6-134B4E3740D8}"
EndProject
Project("{9A19103F-16F7-4668-BE54-9A1E7A4F7556}") = "StrongHeart.TestTools.ComponentAnalysis", "Src\StrongHeart.TestTools.ComponentAnalysis\StrongHeart.TestTools.ComponentAnalysis.csproj", "{1FED1B17-0527-4368-A251-FED69BF4095C}"
EndProject
Project("{9A19103F-16F7-4668-BE54-9A1E7A4F7556}") = "StrongHeart.TestTools.ComponentAnalysis.Test", "Src\StrongHeart.TestTools.ComponentAnalysis.Test\StrongHeart.TestTools.ComponentAnalysis.Test.csproj", "{49B85C9C-FC44-4DC5-AF72-7F72B1E8CD23}"
EndProject
Project("{9A19103F-16F7-4668-BE54-9A1E7A4F7556}") = "StrongHeart.TestTools.Xunit", "Src\StrongHeart.TestTools.Xunit\StrongHeart.TestTools.Xunit.csproj", "{89F66343-3309-4545-BFA5-178FA3766870}"
EndProject
Project("{9A19103F-16F7-4668-BE54-9A1E7A4F7556}") = "StrongHeart.Features.Documentation.Test", "Src\StrongHeart.Features.Documentation.Test\StrongHeart.Features.Documentation.Test.csproj", "{2C9BC3BE-1E82-432F-9F1D-0CF555B2FF42}"
EndProject
Project("{9A19103F-16F7-4668-BE54-9A1E7A4F7556}") = "StrongHeart.Features.Documentation", "Src\StrongHeart.Features.Documentation\StrongHeart.Features.Documentation.csproj", "{18197785-B468-47E7-AF69-812FA3AD82F4}"
EndProject
Project("{9A19103F-16F7-4668-BE54-9A1E7A4F7556}") = "StrongHeart.DemoApp.Business.Events", "DemoApp\StrongHeart.DemoApp.Business.Events\StrongHeart.DemoApp.Business.Events.csproj", "{2DB5CFB2-9659-443D-9C10-F0B452D0B0E2}"
EndProject
Project("{9A19103F-16F7-4668-BE54-9A1E7A4F7556}") = "StrongHeart.FeatureTool", "Src\StrongHeart.FeatureTool\StrongHeart.FeatureTool.csproj", "{FC46C947-9AA1-4561-8C9A-35376630F948}"
EndProject
Global
	GlobalSection(SolutionConfigurationPlatforms) = preSolution
		Debug|Any CPU = Debug|Any CPU
		Debug|x64 = Debug|x64
		Debug|x86 = Debug|x86
		Release|Any CPU = Release|Any CPU
		Release|x64 = Release|x64
		Release|x86 = Release|x86
	EndGlobalSection
	GlobalSection(ProjectConfigurationPlatforms) = postSolution
		{4721FF3A-93EF-4E84-9992-2A920AD6D0D4}.Debug|Any CPU.ActiveCfg = Debug|Any CPU
		{4721FF3A-93EF-4E84-9992-2A920AD6D0D4}.Debug|Any CPU.Build.0 = Debug|Any CPU
		{4721FF3A-93EF-4E84-9992-2A920AD6D0D4}.Debug|x64.ActiveCfg = Debug|Any CPU
		{4721FF3A-93EF-4E84-9992-2A920AD6D0D4}.Debug|x64.Build.0 = Debug|Any CPU
		{4721FF3A-93EF-4E84-9992-2A920AD6D0D4}.Debug|x86.ActiveCfg = Debug|Any CPU
		{4721FF3A-93EF-4E84-9992-2A920AD6D0D4}.Debug|x86.Build.0 = Debug|Any CPU
		{4721FF3A-93EF-4E84-9992-2A920AD6D0D4}.Release|Any CPU.ActiveCfg = Release|Any CPU
		{4721FF3A-93EF-4E84-9992-2A920AD6D0D4}.Release|Any CPU.Build.0 = Release|Any CPU
		{4721FF3A-93EF-4E84-9992-2A920AD6D0D4}.Release|x64.ActiveCfg = Release|Any CPU
		{4721FF3A-93EF-4E84-9992-2A920AD6D0D4}.Release|x64.Build.0 = Release|Any CPU
		{4721FF3A-93EF-4E84-9992-2A920AD6D0D4}.Release|x86.ActiveCfg = Release|Any CPU
		{4721FF3A-93EF-4E84-9992-2A920AD6D0D4}.Release|x86.Build.0 = Release|Any CPU
		{84B06174-F65F-49ED-A16B-3AF6D42322C6}.Debug|Any CPU.ActiveCfg = Debug|Any CPU
		{84B06174-F65F-49ED-A16B-3AF6D42322C6}.Debug|Any CPU.Build.0 = Debug|Any CPU
		{84B06174-F65F-49ED-A16B-3AF6D42322C6}.Debug|x64.ActiveCfg = Debug|Any CPU
		{84B06174-F65F-49ED-A16B-3AF6D42322C6}.Debug|x64.Build.0 = Debug|Any CPU
		{84B06174-F65F-49ED-A16B-3AF6D42322C6}.Debug|x86.ActiveCfg = Debug|Any CPU
		{84B06174-F65F-49ED-A16B-3AF6D42322C6}.Debug|x86.Build.0 = Debug|Any CPU
		{84B06174-F65F-49ED-A16B-3AF6D42322C6}.Release|Any CPU.ActiveCfg = Release|Any CPU
		{84B06174-F65F-49ED-A16B-3AF6D42322C6}.Release|Any CPU.Build.0 = Release|Any CPU
		{84B06174-F65F-49ED-A16B-3AF6D42322C6}.Release|x64.ActiveCfg = Release|Any CPU
		{84B06174-F65F-49ED-A16B-3AF6D42322C6}.Release|x64.Build.0 = Release|Any CPU
		{84B06174-F65F-49ED-A16B-3AF6D42322C6}.Release|x86.ActiveCfg = Release|Any CPU
		{84B06174-F65F-49ED-A16B-3AF6D42322C6}.Release|x86.Build.0 = Release|Any CPU
		{1940E7DF-017A-4687-9BE8-133C8BD842E1}.Debug|Any CPU.ActiveCfg = Debug|Any CPU
		{1940E7DF-017A-4687-9BE8-133C8BD842E1}.Debug|Any CPU.Build.0 = Debug|Any CPU
		{1940E7DF-017A-4687-9BE8-133C8BD842E1}.Debug|x64.ActiveCfg = Debug|Any CPU
		{1940E7DF-017A-4687-9BE8-133C8BD842E1}.Debug|x64.Build.0 = Debug|Any CPU
		{1940E7DF-017A-4687-9BE8-133C8BD842E1}.Debug|x86.ActiveCfg = Debug|Any CPU
		{1940E7DF-017A-4687-9BE8-133C8BD842E1}.Debug|x86.Build.0 = Debug|Any CPU
		{1940E7DF-017A-4687-9BE8-133C8BD842E1}.Release|Any CPU.ActiveCfg = Release|Any CPU
		{1940E7DF-017A-4687-9BE8-133C8BD842E1}.Release|Any CPU.Build.0 = Release|Any CPU
		{1940E7DF-017A-4687-9BE8-133C8BD842E1}.Release|x64.ActiveCfg = Release|Any CPU
		{1940E7DF-017A-4687-9BE8-133C8BD842E1}.Release|x64.Build.0 = Release|Any CPU
		{1940E7DF-017A-4687-9BE8-133C8BD842E1}.Release|x86.ActiveCfg = Release|Any CPU
		{1940E7DF-017A-4687-9BE8-133C8BD842E1}.Release|x86.Build.0 = Release|Any CPU
		{EB6EBAFF-5AFC-4EB0-B0C1-400557C1558C}.Debug|Any CPU.ActiveCfg = Debug|Any CPU
		{EB6EBAFF-5AFC-4EB0-B0C1-400557C1558C}.Debug|Any CPU.Build.0 = Debug|Any CPU
		{EB6EBAFF-5AFC-4EB0-B0C1-400557C1558C}.Debug|x64.ActiveCfg = Debug|Any CPU
		{EB6EBAFF-5AFC-4EB0-B0C1-400557C1558C}.Debug|x64.Build.0 = Debug|Any CPU
		{EB6EBAFF-5AFC-4EB0-B0C1-400557C1558C}.Debug|x86.ActiveCfg = Debug|Any CPU
		{EB6EBAFF-5AFC-4EB0-B0C1-400557C1558C}.Debug|x86.Build.0 = Debug|Any CPU
		{EB6EBAFF-5AFC-4EB0-B0C1-400557C1558C}.Release|Any CPU.ActiveCfg = Release|Any CPU
		{EB6EBAFF-5AFC-4EB0-B0C1-400557C1558C}.Release|Any CPU.Build.0 = Release|Any CPU
		{EB6EBAFF-5AFC-4EB0-B0C1-400557C1558C}.Release|x64.ActiveCfg = Release|Any CPU
		{EB6EBAFF-5AFC-4EB0-B0C1-400557C1558C}.Release|x64.Build.0 = Release|Any CPU
		{EB6EBAFF-5AFC-4EB0-B0C1-400557C1558C}.Release|x86.ActiveCfg = Release|Any CPU
		{EB6EBAFF-5AFC-4EB0-B0C1-400557C1558C}.Release|x86.Build.0 = Release|Any CPU
		{D04A0C08-79C4-4545-A45C-C3F819E94264}.Debug|Any CPU.ActiveCfg = Debug|Any CPU
		{D04A0C08-79C4-4545-A45C-C3F819E94264}.Debug|Any CPU.Build.0 = Debug|Any CPU
		{D04A0C08-79C4-4545-A45C-C3F819E94264}.Debug|x64.ActiveCfg = Debug|Any CPU
		{D04A0C08-79C4-4545-A45C-C3F819E94264}.Debug|x64.Build.0 = Debug|Any CPU
		{D04A0C08-79C4-4545-A45C-C3F819E94264}.Debug|x86.ActiveCfg = Debug|Any CPU
		{D04A0C08-79C4-4545-A45C-C3F819E94264}.Debug|x86.Build.0 = Debug|Any CPU
		{D04A0C08-79C4-4545-A45C-C3F819E94264}.Release|Any CPU.ActiveCfg = Release|Any CPU
		{D04A0C08-79C4-4545-A45C-C3F819E94264}.Release|Any CPU.Build.0 = Release|Any CPU
		{D04A0C08-79C4-4545-A45C-C3F819E94264}.Release|x64.ActiveCfg = Release|Any CPU
		{D04A0C08-79C4-4545-A45C-C3F819E94264}.Release|x64.Build.0 = Release|Any CPU
		{D04A0C08-79C4-4545-A45C-C3F819E94264}.Release|x86.ActiveCfg = Release|Any CPU
		{D04A0C08-79C4-4545-A45C-C3F819E94264}.Release|x86.Build.0 = Release|Any CPU
		{7BEA817E-2983-45BA-B788-1D8A930BFDEC}.Debug|Any CPU.ActiveCfg = Debug|Any CPU
		{7BEA817E-2983-45BA-B788-1D8A930BFDEC}.Debug|Any CPU.Build.0 = Debug|Any CPU
		{7BEA817E-2983-45BA-B788-1D8A930BFDEC}.Debug|x64.ActiveCfg = Debug|Any CPU
		{7BEA817E-2983-45BA-B788-1D8A930BFDEC}.Debug|x64.Build.0 = Debug|Any CPU
		{7BEA817E-2983-45BA-B788-1D8A930BFDEC}.Debug|x86.ActiveCfg = Debug|Any CPU
		{7BEA817E-2983-45BA-B788-1D8A930BFDEC}.Debug|x86.Build.0 = Debug|Any CPU
		{7BEA817E-2983-45BA-B788-1D8A930BFDEC}.Release|Any CPU.ActiveCfg = Release|Any CPU
		{7BEA817E-2983-45BA-B788-1D8A930BFDEC}.Release|Any CPU.Build.0 = Release|Any CPU
		{7BEA817E-2983-45BA-B788-1D8A930BFDEC}.Release|x64.ActiveCfg = Release|Any CPU
		{7BEA817E-2983-45BA-B788-1D8A930BFDEC}.Release|x64.Build.0 = Release|Any CPU
		{7BEA817E-2983-45BA-B788-1D8A930BFDEC}.Release|x86.ActiveCfg = Release|Any CPU
		{7BEA817E-2983-45BA-B788-1D8A930BFDEC}.Release|x86.Build.0 = Release|Any CPU
		{9C3487AD-497D-409E-B120-D58B8C3ECFDF}.Debug|Any CPU.ActiveCfg = Debug|Any CPU
		{9C3487AD-497D-409E-B120-D58B8C3ECFDF}.Debug|Any CPU.Build.0 = Debug|Any CPU
		{9C3487AD-497D-409E-B120-D58B8C3ECFDF}.Debug|x64.ActiveCfg = Debug|Any CPU
		{9C3487AD-497D-409E-B120-D58B8C3ECFDF}.Debug|x64.Build.0 = Debug|Any CPU
		{9C3487AD-497D-409E-B120-D58B8C3ECFDF}.Debug|x86.ActiveCfg = Debug|Any CPU
		{9C3487AD-497D-409E-B120-D58B8C3ECFDF}.Debug|x86.Build.0 = Debug|Any CPU
		{9C3487AD-497D-409E-B120-D58B8C3ECFDF}.Release|Any CPU.ActiveCfg = Release|Any CPU
		{9C3487AD-497D-409E-B120-D58B8C3ECFDF}.Release|Any CPU.Build.0 = Release|Any CPU
		{9C3487AD-497D-409E-B120-D58B8C3ECFDF}.Release|x64.ActiveCfg = Release|Any CPU
		{9C3487AD-497D-409E-B120-D58B8C3ECFDF}.Release|x64.Build.0 = Release|Any CPU
		{9C3487AD-497D-409E-B120-D58B8C3ECFDF}.Release|x86.ActiveCfg = Release|Any CPU
		{9C3487AD-497D-409E-B120-D58B8C3ECFDF}.Release|x86.Build.0 = Release|Any CPU
		{37794617-CC10-498E-B6A2-D7394CEB08C2}.Debug|Any CPU.ActiveCfg = Debug|Any CPU
		{37794617-CC10-498E-B6A2-D7394CEB08C2}.Debug|Any CPU.Build.0 = Debug|Any CPU
		{37794617-CC10-498E-B6A2-D7394CEB08C2}.Debug|x64.ActiveCfg = Debug|Any CPU
		{37794617-CC10-498E-B6A2-D7394CEB08C2}.Debug|x64.Build.0 = Debug|Any CPU
		{37794617-CC10-498E-B6A2-D7394CEB08C2}.Debug|x86.ActiveCfg = Debug|Any CPU
		{37794617-CC10-498E-B6A2-D7394CEB08C2}.Debug|x86.Build.0 = Debug|Any CPU
		{37794617-CC10-498E-B6A2-D7394CEB08C2}.Release|Any CPU.ActiveCfg = Release|Any CPU
		{37794617-CC10-498E-B6A2-D7394CEB08C2}.Release|Any CPU.Build.0 = Release|Any CPU
		{37794617-CC10-498E-B6A2-D7394CEB08C2}.Release|x64.ActiveCfg = Release|Any CPU
		{37794617-CC10-498E-B6A2-D7394CEB08C2}.Release|x64.Build.0 = Release|Any CPU
		{37794617-CC10-498E-B6A2-D7394CEB08C2}.Release|x86.ActiveCfg = Release|Any CPU
		{37794617-CC10-498E-B6A2-D7394CEB08C2}.Release|x86.Build.0 = Release|Any CPU
		{674DF23D-0E45-4DD2-A47E-9CEF76C742B5}.Debug|Any CPU.ActiveCfg = Debug|Any CPU
		{674DF23D-0E45-4DD2-A47E-9CEF76C742B5}.Debug|Any CPU.Build.0 = Debug|Any CPU
		{674DF23D-0E45-4DD2-A47E-9CEF76C742B5}.Debug|x64.ActiveCfg = Debug|Any CPU
		{674DF23D-0E45-4DD2-A47E-9CEF76C742B5}.Debug|x64.Build.0 = Debug|Any CPU
		{674DF23D-0E45-4DD2-A47E-9CEF76C742B5}.Debug|x86.ActiveCfg = Debug|Any CPU
		{674DF23D-0E45-4DD2-A47E-9CEF76C742B5}.Debug|x86.Build.0 = Debug|Any CPU
		{674DF23D-0E45-4DD2-A47E-9CEF76C742B5}.Release|Any CPU.ActiveCfg = Release|Any CPU
		{674DF23D-0E45-4DD2-A47E-9CEF76C742B5}.Release|Any CPU.Build.0 = Release|Any CPU
		{674DF23D-0E45-4DD2-A47E-9CEF76C742B5}.Release|x64.ActiveCfg = Release|Any CPU
		{674DF23D-0E45-4DD2-A47E-9CEF76C742B5}.Release|x64.Build.0 = Release|Any CPU
		{674DF23D-0E45-4DD2-A47E-9CEF76C742B5}.Release|x86.ActiveCfg = Release|Any CPU
		{674DF23D-0E45-4DD2-A47E-9CEF76C742B5}.Release|x86.Build.0 = Release|Any CPU
		{179F0D71-E2CB-48A5-9A25-9FB93270086C}.Debug|Any CPU.ActiveCfg = Debug|Any CPU
		{179F0D71-E2CB-48A5-9A25-9FB93270086C}.Debug|Any CPU.Build.0 = Debug|Any CPU
		{179F0D71-E2CB-48A5-9A25-9FB93270086C}.Debug|x64.ActiveCfg = Debug|Any CPU
		{179F0D71-E2CB-48A5-9A25-9FB93270086C}.Debug|x64.Build.0 = Debug|Any CPU
		{179F0D71-E2CB-48A5-9A25-9FB93270086C}.Debug|x86.ActiveCfg = Debug|Any CPU
		{179F0D71-E2CB-48A5-9A25-9FB93270086C}.Debug|x86.Build.0 = Debug|Any CPU
		{179F0D71-E2CB-48A5-9A25-9FB93270086C}.Release|Any CPU.ActiveCfg = Release|Any CPU
		{179F0D71-E2CB-48A5-9A25-9FB93270086C}.Release|Any CPU.Build.0 = Release|Any CPU
		{179F0D71-E2CB-48A5-9A25-9FB93270086C}.Release|x64.ActiveCfg = Release|Any CPU
		{179F0D71-E2CB-48A5-9A25-9FB93270086C}.Release|x64.Build.0 = Release|Any CPU
		{179F0D71-E2CB-48A5-9A25-9FB93270086C}.Release|x86.ActiveCfg = Release|Any CPU
		{179F0D71-E2CB-48A5-9A25-9FB93270086C}.Release|x86.Build.0 = Release|Any CPU
		{383F9F7B-5B32-4B13-8859-5DCB70B1AA4C}.Debug|Any CPU.ActiveCfg = Debug|Any CPU
		{383F9F7B-5B32-4B13-8859-5DCB70B1AA4C}.Debug|Any CPU.Build.0 = Debug|Any CPU
		{383F9F7B-5B32-4B13-8859-5DCB70B1AA4C}.Debug|x64.ActiveCfg = Debug|Any CPU
		{383F9F7B-5B32-4B13-8859-5DCB70B1AA4C}.Debug|x64.Build.0 = Debug|Any CPU
		{383F9F7B-5B32-4B13-8859-5DCB70B1AA4C}.Debug|x86.ActiveCfg = Debug|Any CPU
		{383F9F7B-5B32-4B13-8859-5DCB70B1AA4C}.Debug|x86.Build.0 = Debug|Any CPU
		{383F9F7B-5B32-4B13-8859-5DCB70B1AA4C}.Release|Any CPU.ActiveCfg = Release|Any CPU
		{383F9F7B-5B32-4B13-8859-5DCB70B1AA4C}.Release|Any CPU.Build.0 = Release|Any CPU
		{383F9F7B-5B32-4B13-8859-5DCB70B1AA4C}.Release|x64.ActiveCfg = Release|Any CPU
		{383F9F7B-5B32-4B13-8859-5DCB70B1AA4C}.Release|x64.Build.0 = Release|Any CPU
		{383F9F7B-5B32-4B13-8859-5DCB70B1AA4C}.Release|x86.ActiveCfg = Release|Any CPU
		{383F9F7B-5B32-4B13-8859-5DCB70B1AA4C}.Release|x86.Build.0 = Release|Any CPU
		{25DE7D76-62F3-4BE0-AF03-FBADF7F05AAD}.Debug|Any CPU.ActiveCfg = Debug|Any CPU
		{25DE7D76-62F3-4BE0-AF03-FBADF7F05AAD}.Debug|Any CPU.Build.0 = Debug|Any CPU
		{25DE7D76-62F3-4BE0-AF03-FBADF7F05AAD}.Debug|x64.ActiveCfg = Debug|Any CPU
		{25DE7D76-62F3-4BE0-AF03-FBADF7F05AAD}.Debug|x64.Build.0 = Debug|Any CPU
		{25DE7D76-62F3-4BE0-AF03-FBADF7F05AAD}.Debug|x86.ActiveCfg = Debug|Any CPU
		{25DE7D76-62F3-4BE0-AF03-FBADF7F05AAD}.Debug|x86.Build.0 = Debug|Any CPU
		{25DE7D76-62F3-4BE0-AF03-FBADF7F05AAD}.Release|Any CPU.ActiveCfg = Release|Any CPU
		{25DE7D76-62F3-4BE0-AF03-FBADF7F05AAD}.Release|Any CPU.Build.0 = Release|Any CPU
		{25DE7D76-62F3-4BE0-AF03-FBADF7F05AAD}.Release|x64.ActiveCfg = Release|Any CPU
		{25DE7D76-62F3-4BE0-AF03-FBADF7F05AAD}.Release|x64.Build.0 = Release|Any CPU
		{25DE7D76-62F3-4BE0-AF03-FBADF7F05AAD}.Release|x86.ActiveCfg = Release|Any CPU
		{25DE7D76-62F3-4BE0-AF03-FBADF7F05AAD}.Release|x86.Build.0 = Release|Any CPU
		{3BB13FA7-440B-49EC-87C6-134B4E3740D8}.Debug|Any CPU.ActiveCfg = Debug|Any CPU
		{3BB13FA7-440B-49EC-87C6-134B4E3740D8}.Debug|Any CPU.Build.0 = Debug|Any CPU
		{3BB13FA7-440B-49EC-87C6-134B4E3740D8}.Debug|x64.ActiveCfg = Debug|Any CPU
		{3BB13FA7-440B-49EC-87C6-134B4E3740D8}.Debug|x64.Build.0 = Debug|Any CPU
		{3BB13FA7-440B-49EC-87C6-134B4E3740D8}.Debug|x86.ActiveCfg = Debug|Any CPU
		{3BB13FA7-440B-49EC-87C6-134B4E3740D8}.Debug|x86.Build.0 = Debug|Any CPU
		{3BB13FA7-440B-49EC-87C6-134B4E3740D8}.Release|Any CPU.ActiveCfg = Release|Any CPU
		{3BB13FA7-440B-49EC-87C6-134B4E3740D8}.Release|Any CPU.Build.0 = Release|Any CPU
		{3BB13FA7-440B-49EC-87C6-134B4E3740D8}.Release|x64.ActiveCfg = Release|Any CPU
		{3BB13FA7-440B-49EC-87C6-134B4E3740D8}.Release|x64.Build.0 = Release|Any CPU
		{3BB13FA7-440B-49EC-87C6-134B4E3740D8}.Release|x86.ActiveCfg = Release|Any CPU
		{3BB13FA7-440B-49EC-87C6-134B4E3740D8}.Release|x86.Build.0 = Release|Any CPU
		{1FED1B17-0527-4368-A251-FED69BF4095C}.Debug|Any CPU.ActiveCfg = Debug|Any CPU
		{1FED1B17-0527-4368-A251-FED69BF4095C}.Debug|Any CPU.Build.0 = Debug|Any CPU
		{1FED1B17-0527-4368-A251-FED69BF4095C}.Debug|x64.ActiveCfg = Debug|Any CPU
		{1FED1B17-0527-4368-A251-FED69BF4095C}.Debug|x64.Build.0 = Debug|Any CPU
		{1FED1B17-0527-4368-A251-FED69BF4095C}.Debug|x86.ActiveCfg = Debug|Any CPU
		{1FED1B17-0527-4368-A251-FED69BF4095C}.Debug|x86.Build.0 = Debug|Any CPU
		{1FED1B17-0527-4368-A251-FED69BF4095C}.Release|Any CPU.ActiveCfg = Release|Any CPU
		{1FED1B17-0527-4368-A251-FED69BF4095C}.Release|Any CPU.Build.0 = Release|Any CPU
		{1FED1B17-0527-4368-A251-FED69BF4095C}.Release|x64.ActiveCfg = Release|Any CPU
		{1FED1B17-0527-4368-A251-FED69BF4095C}.Release|x64.Build.0 = Release|Any CPU
		{1FED1B17-0527-4368-A251-FED69BF4095C}.Release|x86.ActiveCfg = Release|Any CPU
		{1FED1B17-0527-4368-A251-FED69BF4095C}.Release|x86.Build.0 = Release|Any CPU
		{49B85C9C-FC44-4DC5-AF72-7F72B1E8CD23}.Debug|Any CPU.ActiveCfg = Debug|Any CPU
		{49B85C9C-FC44-4DC5-AF72-7F72B1E8CD23}.Debug|Any CPU.Build.0 = Debug|Any CPU
		{49B85C9C-FC44-4DC5-AF72-7F72B1E8CD23}.Debug|x64.ActiveCfg = Debug|Any CPU
		{49B85C9C-FC44-4DC5-AF72-7F72B1E8CD23}.Debug|x64.Build.0 = Debug|Any CPU
		{49B85C9C-FC44-4DC5-AF72-7F72B1E8CD23}.Debug|x86.ActiveCfg = Debug|Any CPU
		{49B85C9C-FC44-4DC5-AF72-7F72B1E8CD23}.Debug|x86.Build.0 = Debug|Any CPU
		{49B85C9C-FC44-4DC5-AF72-7F72B1E8CD23}.Release|Any CPU.ActiveCfg = Release|Any CPU
		{49B85C9C-FC44-4DC5-AF72-7F72B1E8CD23}.Release|Any CPU.Build.0 = Release|Any CPU
		{49B85C9C-FC44-4DC5-AF72-7F72B1E8CD23}.Release|x64.ActiveCfg = Release|Any CPU
		{49B85C9C-FC44-4DC5-AF72-7F72B1E8CD23}.Release|x64.Build.0 = Release|Any CPU
		{49B85C9C-FC44-4DC5-AF72-7F72B1E8CD23}.Release|x86.ActiveCfg = Release|Any CPU
		{49B85C9C-FC44-4DC5-AF72-7F72B1E8CD23}.Release|x86.Build.0 = Release|Any CPU
		{89F66343-3309-4545-BFA5-178FA3766870}.Debug|Any CPU.ActiveCfg = Debug|Any CPU
		{89F66343-3309-4545-BFA5-178FA3766870}.Debug|Any CPU.Build.0 = Debug|Any CPU
		{89F66343-3309-4545-BFA5-178FA3766870}.Debug|x64.ActiveCfg = Debug|Any CPU
		{89F66343-3309-4545-BFA5-178FA3766870}.Debug|x64.Build.0 = Debug|Any CPU
		{89F66343-3309-4545-BFA5-178FA3766870}.Debug|x86.ActiveCfg = Debug|Any CPU
		{89F66343-3309-4545-BFA5-178FA3766870}.Debug|x86.Build.0 = Debug|Any CPU
		{89F66343-3309-4545-BFA5-178FA3766870}.Release|Any CPU.ActiveCfg = Release|Any CPU
		{89F66343-3309-4545-BFA5-178FA3766870}.Release|Any CPU.Build.0 = Release|Any CPU
		{89F66343-3309-4545-BFA5-178FA3766870}.Release|x64.ActiveCfg = Release|Any CPU
		{89F66343-3309-4545-BFA5-178FA3766870}.Release|x64.Build.0 = Release|Any CPU
		{89F66343-3309-4545-BFA5-178FA3766870}.Release|x86.ActiveCfg = Release|Any CPU
		{89F66343-3309-4545-BFA5-178FA3766870}.Release|x86.Build.0 = Release|Any CPU
		{2C9BC3BE-1E82-432F-9F1D-0CF555B2FF42}.Debug|Any CPU.ActiveCfg = Debug|Any CPU
		{2C9BC3BE-1E82-432F-9F1D-0CF555B2FF42}.Debug|Any CPU.Build.0 = Debug|Any CPU
		{2C9BC3BE-1E82-432F-9F1D-0CF555B2FF42}.Debug|x64.ActiveCfg = Debug|Any CPU
		{2C9BC3BE-1E82-432F-9F1D-0CF555B2FF42}.Debug|x64.Build.0 = Debug|Any CPU
		{2C9BC3BE-1E82-432F-9F1D-0CF555B2FF42}.Debug|x86.ActiveCfg = Debug|Any CPU
		{2C9BC3BE-1E82-432F-9F1D-0CF555B2FF42}.Debug|x86.Build.0 = Debug|Any CPU
		{2C9BC3BE-1E82-432F-9F1D-0CF555B2FF42}.Release|Any CPU.ActiveCfg = Release|Any CPU
		{2C9BC3BE-1E82-432F-9F1D-0CF555B2FF42}.Release|Any CPU.Build.0 = Release|Any CPU
		{2C9BC3BE-1E82-432F-9F1D-0CF555B2FF42}.Release|x64.ActiveCfg = Release|Any CPU
		{2C9BC3BE-1E82-432F-9F1D-0CF555B2FF42}.Release|x64.Build.0 = Release|Any CPU
		{2C9BC3BE-1E82-432F-9F1D-0CF555B2FF42}.Release|x86.ActiveCfg = Release|Any CPU
		{2C9BC3BE-1E82-432F-9F1D-0CF555B2FF42}.Release|x86.Build.0 = Release|Any CPU
		{18197785-B468-47E7-AF69-812FA3AD82F4}.Debug|Any CPU.ActiveCfg = Debug|Any CPU
		{18197785-B468-47E7-AF69-812FA3AD82F4}.Debug|Any CPU.Build.0 = Debug|Any CPU
		{18197785-B468-47E7-AF69-812FA3AD82F4}.Debug|x64.ActiveCfg = Debug|Any CPU
		{18197785-B468-47E7-AF69-812FA3AD82F4}.Debug|x64.Build.0 = Debug|Any CPU
		{18197785-B468-47E7-AF69-812FA3AD82F4}.Debug|x86.ActiveCfg = Debug|Any CPU
		{18197785-B468-47E7-AF69-812FA3AD82F4}.Debug|x86.Build.0 = Debug|Any CPU
		{18197785-B468-47E7-AF69-812FA3AD82F4}.Release|Any CPU.ActiveCfg = Release|Any CPU
		{18197785-B468-47E7-AF69-812FA3AD82F4}.Release|Any CPU.Build.0 = Release|Any CPU
		{18197785-B468-47E7-AF69-812FA3AD82F4}.Release|x64.ActiveCfg = Release|Any CPU
		{18197785-B468-47E7-AF69-812FA3AD82F4}.Release|x64.Build.0 = Release|Any CPU
		{18197785-B468-47E7-AF69-812FA3AD82F4}.Release|x86.ActiveCfg = Release|Any CPU
		{18197785-B468-47E7-AF69-812FA3AD82F4}.Release|x86.Build.0 = Release|Any CPU
		{2DB5CFB2-9659-443D-9C10-F0B452D0B0E2}.Debug|Any CPU.ActiveCfg = Debug|Any CPU
		{2DB5CFB2-9659-443D-9C10-F0B452D0B0E2}.Debug|Any CPU.Build.0 = Debug|Any CPU
		{2DB5CFB2-9659-443D-9C10-F0B452D0B0E2}.Debug|x64.ActiveCfg = Debug|Any CPU
		{2DB5CFB2-9659-443D-9C10-F0B452D0B0E2}.Debug|x64.Build.0 = Debug|Any CPU
		{2DB5CFB2-9659-443D-9C10-F0B452D0B0E2}.Debug|x86.ActiveCfg = Debug|Any CPU
		{2DB5CFB2-9659-443D-9C10-F0B452D0B0E2}.Debug|x86.Build.0 = Debug|Any CPU
		{2DB5CFB2-9659-443D-9C10-F0B452D0B0E2}.Release|Any CPU.ActiveCfg = Release|Any CPU
		{2DB5CFB2-9659-443D-9C10-F0B452D0B0E2}.Release|Any CPU.Build.0 = Release|Any CPU
		{2DB5CFB2-9659-443D-9C10-F0B452D0B0E2}.Release|x64.ActiveCfg = Release|Any CPU
		{2DB5CFB2-9659-443D-9C10-F0B452D0B0E2}.Release|x64.Build.0 = Release|Any CPU
		{2DB5CFB2-9659-443D-9C10-F0B452D0B0E2}.Release|x86.ActiveCfg = Release|Any CPU
		{2DB5CFB2-9659-443D-9C10-F0B452D0B0E2}.Release|x86.Build.0 = Release|Any CPU
		{FC46C947-9AA1-4561-8C9A-35376630F948}.Debug|Any CPU.ActiveCfg = Debug|Any CPU
		{FC46C947-9AA1-4561-8C9A-35376630F948}.Debug|Any CPU.Build.0 = Debug|Any CPU
		{FC46C947-9AA1-4561-8C9A-35376630F948}.Debug|x64.ActiveCfg = Debug|Any CPU
		{FC46C947-9AA1-4561-8C9A-35376630F948}.Debug|x64.Build.0 = Debug|Any CPU
		{FC46C947-9AA1-4561-8C9A-35376630F948}.Debug|x86.ActiveCfg = Debug|Any CPU
		{FC46C947-9AA1-4561-8C9A-35376630F948}.Debug|x86.Build.0 = Debug|Any CPU
		{FC46C947-9AA1-4561-8C9A-35376630F948}.Release|Any CPU.ActiveCfg = Release|Any CPU
		{FC46C947-9AA1-4561-8C9A-35376630F948}.Release|Any CPU.Build.0 = Release|Any CPU
		{FC46C947-9AA1-4561-8C9A-35376630F948}.Release|x64.ActiveCfg = Release|Any CPU
		{FC46C947-9AA1-4561-8C9A-35376630F948}.Release|x64.Build.0 = Release|Any CPU
		{FC46C947-9AA1-4561-8C9A-35376630F948}.Release|x86.ActiveCfg = Release|Any CPU
		{FC46C947-9AA1-4561-8C9A-35376630F948}.Release|x86.Build.0 = Release|Any CPU
	EndGlobalSection
	GlobalSection(SolutionProperties) = preSolution
		HideSolutionNode = FALSE
	EndGlobalSection
	GlobalSection(NestedProjects) = preSolution
		{4721FF3A-93EF-4E84-9992-2A920AD6D0D4} = {489DC3A2-C8DE-4819-A187-9168EC2B75BF}
		{84B06174-F65F-49ED-A16B-3AF6D42322C6} = {B395AA1C-29C4-4769-901F-EE16AB97D6A0}
		{1940E7DF-017A-4687-9BE8-133C8BD842E1} = {B395AA1C-29C4-4769-901F-EE16AB97D6A0}
		{EB6EBAFF-5AFC-4EB0-B0C1-400557C1558C} = {B395AA1C-29C4-4769-901F-EE16AB97D6A0}
		{D04A0C08-79C4-4545-A45C-C3F819E94264} = {B395AA1C-29C4-4769-901F-EE16AB97D6A0}
		{7BEA817E-2983-45BA-B788-1D8A930BFDEC} = {B395AA1C-29C4-4769-901F-EE16AB97D6A0}
		{9C3487AD-497D-409E-B120-D58B8C3ECFDF} = {4B36214E-417D-486F-A70E-C410A8F50059}
		{37794617-CC10-498E-B6A2-D7394CEB08C2} = {4B36214E-417D-486F-A70E-C410A8F50059}
		{674DF23D-0E45-4DD2-A47E-9CEF76C742B5} = {4B36214E-417D-486F-A70E-C410A8F50059}
		{179F0D71-E2CB-48A5-9A25-9FB93270086C} = {4B36214E-417D-486F-A70E-C410A8F50059}
		{383F9F7B-5B32-4B13-8859-5DCB70B1AA4C} = {4B36214E-417D-486F-A70E-C410A8F50059}
		{25DE7D76-62F3-4BE0-AF03-FBADF7F05AAD} = {4B36214E-417D-486F-A70E-C410A8F50059}
		{3BB13FA7-440B-49EC-87C6-134B4E3740D8} = {4B36214E-417D-486F-A70E-C410A8F50059}
		{1FED1B17-0527-4368-A251-FED69BF4095C} = {4B36214E-417D-486F-A70E-C410A8F50059}
		{49B85C9C-FC44-4DC5-AF72-7F72B1E8CD23} = {4B36214E-417D-486F-A70E-C410A8F50059}
		{89F66343-3309-4545-BFA5-178FA3766870} = {4B36214E-417D-486F-A70E-C410A8F50059}
		{2C9BC3BE-1E82-432F-9F1D-0CF555B2FF42} = {4B36214E-417D-486F-A70E-C410A8F50059}
		{18197785-B468-47E7-AF69-812FA3AD82F4} = {4B36214E-417D-486F-A70E-C410A8F50059}
		{2DB5CFB2-9659-443D-9C10-F0B452D0B0E2} = {B395AA1C-29C4-4769-901F-EE16AB97D6A0}
		{FC46C947-9AA1-4561-8C9A-35376630F948} = {4B36214E-417D-486F-A70E-C410A8F50059}
	EndGlobalSection
	GlobalSection(ExtensibilityGlobals) = postSolution
		SolutionGuid = {215278D2-4A2E-4724-9477-824B44D802AE}
	EndGlobalSection
EndGlobal
