
Microsoft Visual Studio Solution File, Format Version 12.00
# Visual Studio Version 16
VisualStudioVersion = 16.0.29609.76
MinimumVisualStudioVersion = 10.0.40219.1
Project("{9A19103F-16F7-4668-BE54-9A1E7A4F7556}") = "StrongHeart.Features", "StrongHeart.Features\StrongHeart.Features.csproj", "{4F5D9E1C-182C-4570-97BE-8AB3FE11EE42}"
EndProject
Project("{9A19103F-16F7-4668-BE54-9A1E7A4F7556}") = "StrongHeart.Features.Test", "StrongHeart.Features.Test\StrongHeart.Features.Test.csproj", "{38EC1932-BA2E-4D03-80AB-AC3255CE4357}"
EndProject
Project("{9A19103F-16F7-4668-BE54-9A1E7A4F7556}") = "StrongHeart.TestTools.ComponentAnalysis", "StrongHeart.TestTools.ComponentAnalysis\StrongHeart.TestTools.ComponentAnalysis.csproj", "{F33E33A2-3E06-4F0E-A065-2E30603B4A9E}"
EndProject
Project("{9A19103F-16F7-4668-BE54-9A1E7A4F7556}") = "StrongHeart.Migrations", "StrongHeart.Migrations\StrongHeart.Migrations.csproj", "{3B593E20-47CA-4303-8200-D031A61700D1}"
EndProject
Project("{9A19103F-16F7-4668-BE54-9A1E7A4F7556}") = "StrongHeart.EfCore", "StrongHeart.EfCore\StrongHeart.EfCore.csproj", "{6847B306-66C1-47C3-8C84-C2F0C04AA56E}"
EndProject
Project("{9A19103F-16F7-4668-BE54-9A1E7A4F7556}") = "StrongHeart.Core", "StrongHeart.Core\StrongHeart.Core.csproj", "{BC4576CD-0DB0-413F-B8F0-AB3BACEE55FD}"
EndProject
Project("{9A19103F-16F7-4668-BE54-9A1E7A4F7556}") = "StrongHeart.TestTools.ComponentAnalysis.Test", "StrongHeart.TestTools.ComponentAnalysis.Test\StrongHeart.TestTools.ComponentAnalysis.Test.csproj", "{0E060B18-8634-467D-994E-E330F74BD0B9}"
EndProject
Project("{9A19103F-16F7-4668-BE54-9A1E7A4F7556}") = "StrongHeart.Core.Test", "StrongHeart.Core.Test\StrongHeart.Core.Test.csproj", "{2C98DD6A-AF28-4D64-913C-FFDD8C44A5AC}"
EndProject
Project("{FAE04EC0-301F-11D3-BF4B-00C04F79EFBC}") = "StrongHeart.Features.AspNetCore", "StrongHeart.Features.AspNetCore\StrongHeart.Features.AspNetCore.csproj", "{B2807B50-64A5-462E-8AB9-F4F263869198}"
EndProject
Global
	GlobalSection(SolutionConfigurationPlatforms) = preSolution
		Debug|Any CPU = Debug|Any CPU
		Release|Any CPU = Release|Any CPU
	EndGlobalSection
	GlobalSection(ProjectConfigurationPlatforms) = postSolution
		{4F5D9E1C-182C-4570-97BE-8AB3FE11EE42}.Debug|Any CPU.ActiveCfg = Debug|Any CPU
		{4F5D9E1C-182C-4570-97BE-8AB3FE11EE42}.Debug|Any CPU.Build.0 = Debug|Any CPU
		{4F5D9E1C-182C-4570-97BE-8AB3FE11EE42}.Release|Any CPU.ActiveCfg = Release|Any CPU
		{4F5D9E1C-182C-4570-97BE-8AB3FE11EE42}.Release|Any CPU.Build.0 = Release|Any CPU
		{38EC1932-BA2E-4D03-80AB-AC3255CE4357}.Debug|Any CPU.ActiveCfg = Debug|Any CPU
		{38EC1932-BA2E-4D03-80AB-AC3255CE4357}.Debug|Any CPU.Build.0 = Debug|Any CPU
		{38EC1932-BA2E-4D03-80AB-AC3255CE4357}.Release|Any CPU.ActiveCfg = Release|Any CPU
		{38EC1932-BA2E-4D03-80AB-AC3255CE4357}.Release|Any CPU.Build.0 = Release|Any CPU
		{F33E33A2-3E06-4F0E-A065-2E30603B4A9E}.Debug|Any CPU.ActiveCfg = Debug|Any CPU
		{F33E33A2-3E06-4F0E-A065-2E30603B4A9E}.Debug|Any CPU.Build.0 = Debug|Any CPU
		{F33E33A2-3E06-4F0E-A065-2E30603B4A9E}.Release|Any CPU.ActiveCfg = Release|Any CPU
		{F33E33A2-3E06-4F0E-A065-2E30603B4A9E}.Release|Any CPU.Build.0 = Release|Any CPU
		{3B593E20-47CA-4303-8200-D031A61700D1}.Debug|Any CPU.ActiveCfg = Debug|Any CPU
		{3B593E20-47CA-4303-8200-D031A61700D1}.Debug|Any CPU.Build.0 = Debug|Any CPU
		{3B593E20-47CA-4303-8200-D031A61700D1}.Release|Any CPU.ActiveCfg = Release|Any CPU
		{3B593E20-47CA-4303-8200-D031A61700D1}.Release|Any CPU.Build.0 = Release|Any CPU
		{6847B306-66C1-47C3-8C84-C2F0C04AA56E}.Debug|Any CPU.ActiveCfg = Debug|Any CPU
		{6847B306-66C1-47C3-8C84-C2F0C04AA56E}.Debug|Any CPU.Build.0 = Debug|Any CPU
		{6847B306-66C1-47C3-8C84-C2F0C04AA56E}.Release|Any CPU.ActiveCfg = Release|Any CPU
		{6847B306-66C1-47C3-8C84-C2F0C04AA56E}.Release|Any CPU.Build.0 = Release|Any CPU
		{BC4576CD-0DB0-413F-B8F0-AB3BACEE55FD}.Debug|Any CPU.ActiveCfg = Debug|Any CPU
		{BC4576CD-0DB0-413F-B8F0-AB3BACEE55FD}.Debug|Any CPU.Build.0 = Debug|Any CPU
		{BC4576CD-0DB0-413F-B8F0-AB3BACEE55FD}.Release|Any CPU.ActiveCfg = Release|Any CPU
		{BC4576CD-0DB0-413F-B8F0-AB3BACEE55FD}.Release|Any CPU.Build.0 = Release|Any CPU
		{0E060B18-8634-467D-994E-E330F74BD0B9}.Debug|Any CPU.ActiveCfg = Debug|Any CPU
		{0E060B18-8634-467D-994E-E330F74BD0B9}.Debug|Any CPU.Build.0 = Debug|Any CPU
		{0E060B18-8634-467D-994E-E330F74BD0B9}.Release|Any CPU.ActiveCfg = Release|Any CPU
		{0E060B18-8634-467D-994E-E330F74BD0B9}.Release|Any CPU.Build.0 = Release|Any CPU
		{2C98DD6A-AF28-4D64-913C-FFDD8C44A5AC}.Debug|Any CPU.ActiveCfg = Debug|Any CPU
		{2C98DD6A-AF28-4D64-913C-FFDD8C44A5AC}.Debug|Any CPU.Build.0 = Debug|Any CPU
		{2C98DD6A-AF28-4D64-913C-FFDD8C44A5AC}.Release|Any CPU.ActiveCfg = Release|Any CPU
		{2C98DD6A-AF28-4D64-913C-FFDD8C44A5AC}.Release|Any CPU.Build.0 = Release|Any CPU
		{B2807B50-64A5-462E-8AB9-F4F263869198}.Debug|Any CPU.ActiveCfg = Debug|Any CPU
		{B2807B50-64A5-462E-8AB9-F4F263869198}.Debug|Any CPU.Build.0 = Debug|Any CPU
		{B2807B50-64A5-462E-8AB9-F4F263869198}.Release|Any CPU.ActiveCfg = Release|Any CPU
		{B2807B50-64A5-462E-8AB9-F4F263869198}.Release|Any CPU.Build.0 = Release|Any CPU
	EndGlobalSection
	GlobalSection(SolutionProperties) = preSolution
		HideSolutionNode = FALSE
	EndGlobalSection
	GlobalSection(ExtensibilityGlobals) = postSolution
		SolutionGuid = {21C948D3-01FD-41ED-BA29-8FD1598167AD}
	EndGlobalSection
EndGlobal
